
Microsoft Visual Studio Solution File, Format Version 12.00
# Visual Studio Version 17
VisualStudioVersion = 17.0.31903.59
MinimumVisualStudioVersion = 10.0.40219.1
Project("{9A19103F-16F7-4668-BE54-9A1E7A4F7556}") = "App_01_ServerManagement", "App_01_ServerManagement\App_01_ServerManagement.csproj", "{B23C0B49-7193-453B-AFB5-FAAD85278C91}"
EndProject
Global
	GlobalSection(SolutionConfigurationPlatforms) = preSolution
		Debug|Any CPU = Debug|Any CPU
		Release|Any CPU = Release|Any CPU
	EndGlobalSection
	GlobalSection(ProjectConfigurationPlatforms) = postSolution
		{B23C0B49-7193-453B-AFB5-FAAD85278C91}.Debug|Any CPU.ActiveCfg = Debug|Any CPU
		{B23C0B49-7193-453B-AFB5-FAAD85278C91}.Debug|Any CPU.Build.0 = Debug|Any CPU
		{B23C0B49-7193-453B-AFB5-FAAD85278C91}.Release|Any CPU.ActiveCfg = Release|Any CPU
		{B23C0B49-7193-453B-AFB5-FAAD85278C91}.Release|Any CPU.Build.0 = Release|Any CPU
	EndGlobalSection
	GlobalSection(SolutionProperties) = preSolution
		HideSolutionNode = FALSE
	EndGlobalSection
	GlobalSection(ExtensibilityGlobals) = postSolution
		SolutionGuid = {E9A3D8C4-070E-4678-AD9E-16D3CCFFFC21}
	EndGlobalSection
EndGlobal
